
Microsoft Visual Studio Solution File, Format Version 12.00
Project("{2150E333-8FDC-42A3-9474-1A3956D46DE8}") = "src", "src", "{EA020C9E-BECD-40C1-98B3-48070D728500}"
EndProject
Project("{FAE04EC0-301F-11D3-BF4B-00C04F79EFBC}") = "Dometrain.Monolith.Api", "src\Dometrain.Monolith.Api\Dometrain.Monolith.Api.csproj", "{BCD98E15-8F73-4F5A-8F9B-3A1BC752DB41}"
EndProject
Project("{2150E333-8FDC-42A3-9474-1A3956D46DE8}") = "Solution Items", "Solution Items", "{F4495E47-2156-48B8-83B0-859FBB2B5CE8}"
	ProjectSection(SolutionItems) = preProject
		docker-compose.yml = docker-compose.yml
		database\init.sql = database\init.sql
		Insomnia_collection.json = Insomnia_collection.json
	EndProjectSection
EndProject
Project("{FAE04EC0-301F-11D3-BF4B-00C04F79EFBC}") = "Dometrain.Aspire.AppHost", "src\Dometrain.Aspire.AppHost\Dometrain.Aspire.AppHost.csproj", "{414C5635-2DE0-4E68-B48F-89950DC94C7E}"
EndProject
Project("{FAE04EC0-301F-11D3-BF4B-00C04F79EFBC}") = "Dometrain.Aspire.ServiceDefaults", "src\Dometrain.Aspire.ServiceDefaults\Dometrain.Aspire.ServiceDefaults.csproj", "{BF243299-72BC-4827-8A8E-2C58D86758A1}"
EndProject
Project("{FAE04EC0-301F-11D3-BF4B-00C04F79EFBC}") = "Dometrain.Api.Console", "src\Dometrain.Api.Console\Dometrain.Api.Console.csproj", "{AD34EAD3-BEEB-4D7F-9EA0-68E5CF7C2276}"
EndProject
Project("{FAE04EC0-301F-11D3-BF4B-00C04F79EFBC}") = "Dometrain.Api.Shared", "src\Dometrain.Api.Shared\Dometrain.Api.Shared.csproj", "{1091AEC6-74F4-47C6-A6B0-9C6A3CA597B1}"
EndProject
Project("{FAE04EC0-301F-11D3-BF4B-00C04F79EFBC}") = "Dometrain.Monolith.Api.Contracts", "src\Dometrain.Monolith.Api.Contracts\Dometrain.Monolith.Api.Contracts.csproj", "{F330BF43-BB18-4981-8996-3A9638E82691}"
EndProject
Project("{FAE04EC0-301F-11D3-BF4B-00C04F79EFBC}") = "Dometrain.Monolith.Api.Sdk", "src\Dometrain.Monolith.Api.Sdk\Dometrain.Monolith.Api.Sdk.csproj", "{DA91B96E-9AE4-4077-9906-2A8147BED9CE}"
EndProject
Project("{FAE04EC0-301F-11D3-BF4B-00C04F79EFBC}") = "Dometrain.Cart.Api", "src\Dometrain.Cart.Api\Dometrain.Cart.Api.csproj", "{7F2A005B-A077-44EC-B6F3-5FB996573775}"
EndProject
Global
	GlobalSection(SolutionConfigurationPlatforms) = preSolution
		Debug|Any CPU = Debug|Any CPU
		Release|Any CPU = Release|Any CPU
	EndGlobalSection
	GlobalSection(NestedProjects) = preSolution
		{BCD98E15-8F73-4F5A-8F9B-3A1BC752DB41} = {EA020C9E-BECD-40C1-98B3-48070D728500}
		{414C5635-2DE0-4E68-B48F-89950DC94C7E} = {EA020C9E-BECD-40C1-98B3-48070D728500}
		{BF243299-72BC-4827-8A8E-2C58D86758A1} = {EA020C9E-BECD-40C1-98B3-48070D728500}
		{AD34EAD3-BEEB-4D7F-9EA0-68E5CF7C2276} = {EA020C9E-BECD-40C1-98B3-48070D728500}
		{1091AEC6-74F4-47C6-A6B0-9C6A3CA597B1} = {EA020C9E-BECD-40C1-98B3-48070D728500}
		{F330BF43-BB18-4981-8996-3A9638E82691} = {EA020C9E-BECD-40C1-98B3-48070D728500}
		{DA91B96E-9AE4-4077-9906-2A8147BED9CE} = {EA020C9E-BECD-40C1-98B3-48070D728500}
		{7F2A005B-A077-44EC-B6F3-5FB996573775} = {EA020C9E-BECD-40C1-98B3-48070D728500}
	EndGlobalSection
	GlobalSection(ProjectConfigurationPlatforms) = postSolution
		{BCD98E15-8F73-4F5A-8F9B-3A1BC752DB41}.Debug|Any CPU.ActiveCfg = Debug|Any CPU
		{BCD98E15-8F73-4F5A-8F9B-3A1BC752DB41}.Debug|Any CPU.Build.0 = Debug|Any CPU
		{BCD98E15-8F73-4F5A-8F9B-3A1BC752DB41}.Release|Any CPU.ActiveCfg = Release|Any CPU
		{BCD98E15-8F73-4F5A-8F9B-3A1BC752DB41}.Release|Any CPU.Build.0 = Release|Any CPU
		{414C5635-2DE0-4E68-B48F-89950DC94C7E}.Debug|Any CPU.ActiveCfg = Debug|Any CPU
		{414C5635-2DE0-4E68-B48F-89950DC94C7E}.Debug|Any CPU.Build.0 = Debug|Any CPU
		{414C5635-2DE0-4E68-B48F-89950DC94C7E}.Release|Any CPU.ActiveCfg = Release|Any CPU
		{414C5635-2DE0-4E68-B48F-89950DC94C7E}.Release|Any CPU.Build.0 = Release|Any CPU
		{BF243299-72BC-4827-8A8E-2C58D86758A1}.Debug|Any CPU.ActiveCfg = Debug|Any CPU
		{BF243299-72BC-4827-8A8E-2C58D86758A1}.Debug|Any CPU.Build.0 = Debug|Any CPU
		{BF243299-72BC-4827-8A8E-2C58D86758A1}.Release|Any CPU.ActiveCfg = Release|Any CPU
		{BF243299-72BC-4827-8A8E-2C58D86758A1}.Release|Any CPU.Build.0 = Release|Any CPU
		{AD34EAD3-BEEB-4D7F-9EA0-68E5CF7C2276}.Debug|Any CPU.ActiveCfg = Debug|Any CPU
		{AD34EAD3-BEEB-4D7F-9EA0-68E5CF7C2276}.Debug|Any CPU.Build.0 = Debug|Any CPU
		{AD34EAD3-BEEB-4D7F-9EA0-68E5CF7C2276}.Release|Any CPU.ActiveCfg = Release|Any CPU
		{AD34EAD3-BEEB-4D7F-9EA0-68E5CF7C2276}.Release|Any CPU.Build.0 = Release|Any CPU
		{1091AEC6-74F4-47C6-A6B0-9C6A3CA597B1}.Debug|Any CPU.ActiveCfg = Debug|Any CPU
		{1091AEC6-74F4-47C6-A6B0-9C6A3CA597B1}.Debug|Any CPU.Build.0 = Debug|Any CPU
		{1091AEC6-74F4-47C6-A6B0-9C6A3CA597B1}.Release|Any CPU.ActiveCfg = Release|Any CPU
		{1091AEC6-74F4-47C6-A6B0-9C6A3CA597B1}.Release|Any CPU.Build.0 = Release|Any CPU
		{F330BF43-BB18-4981-8996-3A9638E82691}.Debug|Any CPU.ActiveCfg = Debug|Any CPU
		{F330BF43-BB18-4981-8996-3A9638E82691}.Debug|Any CPU.Build.0 = Debug|Any CPU
		{F330BF43-BB18-4981-8996-3A9638E82691}.Release|Any CPU.ActiveCfg = Release|Any CPU
		{F330BF43-BB18-4981-8996-3A9638E82691}.Release|Any CPU.Build.0 = Release|Any CPU
		{DA91B96E-9AE4-4077-9906-2A8147BED9CE}.Debug|Any CPU.ActiveCfg = Debug|Any CPU
		{DA91B96E-9AE4-4077-9906-2A8147BED9CE}.Debug|Any CPU.Build.0 = Debug|Any CPU
		{DA91B96E-9AE4-4077-9906-2A8147BED9CE}.Release|Any CPU.ActiveCfg = Release|Any CPU
		{DA91B96E-9AE4-4077-9906-2A8147BED9CE}.Release|Any CPU.Build.0 = Release|Any CPU
		{7F2A005B-A077-44EC-B6F3-5FB996573775}.Debug|Any CPU.ActiveCfg = Debug|Any CPU
		{7F2A005B-A077-44EC-B6F3-5FB996573775}.Debug|Any CPU.Build.0 = Debug|Any CPU
		{7F2A005B-A077-44EC-B6F3-5FB996573775}.Release|Any CPU.ActiveCfg = Release|Any CPU
		{7F2A005B-A077-44EC-B6F3-5FB996573775}.Release|Any CPU.Build.0 = Release|Any CPU
	EndGlobalSection
EndGlobal
