
Microsoft Visual Studio Solution File, Format Version 12.00
# Visual Studio Version 17
VisualStudioVersion = 17.14.36109.1 d17.14
MinimumVisualStudioVersion = 10.0.40219.1
Project("{2150E333-8FDC-42A3-9474-1A3956D46DE8}") = "src", "src", "{EA020C9E-BECD-40C1-98B3-48070D728500}"
EndProject
Project("{FAE04EC0-301F-11D3-BF4B-00C04F79EFBC}") = "Dometrain.Monolith.Api", "src\Dometrain.Monolith.Api\Dometrain.Monolith.Api.csproj", "{BCD98E15-8F73-4F5A-8F9B-3A1BC752DB41}"
EndProject
Project("{2150E333-8FDC-42A3-9474-1A3956D46DE8}") = "Solution Items", "Solution Items", "{F4495E47-2156-48B8-83B0-859FBB2B5CE8}"
	ProjectSection(SolutionItems) = preProject
		docker-compose.yml = docker-compose.yml
		database\init.sql = database\init.sql
		Insomnia_collection.json = Insomnia_collection.json
	EndProjectSection
EndProject
Project("{FAE04EC0-301F-11D3-BF4B-00C04F79EFBC}") = "Dometrain.Aspire.AppHost", "src\Dometrain.Aspire.AppHost\Dometrain.Aspire.AppHost.csproj", "{414C5635-2DE0-4E68-B48F-89950DC94C7E}"
EndProject
Project("{FAE04EC0-301F-11D3-BF4B-00C04F79EFBC}") = "Dometrain.Aspire.ServiceDefaults", "src\Dometrain.Aspire.ServiceDefaults\Dometrain.Aspire.ServiceDefaults.csproj", "{BF243299-72BC-4827-8A8E-2C58D86758A1}"
EndProject
Project("{FAE04EC0-301F-11D3-BF4B-00C04F79EFBC}") = "Dometrain.Monolith.Api.Sdk", "Dometrain.Monolith.Api.Sdk\Dometrain.Monolith.Api.Sdk.csproj", "{8A4B18CF-F9C3-4FF3-BFD8-4B5ED40C425C}"
EndProject
Project("{FAE04EC0-301F-11D3-BF4B-00C04F79EFBC}") = "Dometrain.Monolith.Api.Contracts", "Dometrain.Monolith.Api.Contracts\Dometrain.Monolith.Api.Contracts.csproj", "{5C798E1A-F2EC-42D3-BF16-043DA2C37B49}"
EndProject
Project("{FAE04EC0-301F-11D3-BF4B-00C04F79EFBC}") = "Dometrain.Api.Console", "src\Dometrain.Api.Console\Dometrain.Api.Console.csproj", "{AD34EAD3-BEEB-4D7F-9EA0-68E5CF7C2276}"
EndProject
Global
	GlobalSection(SolutionConfigurationPlatforms) = preSolution
		Debug|Any CPU = Debug|Any CPU
		Release|Any CPU = Release|Any CPU
	EndGlobalSection
	GlobalSection(ProjectConfigurationPlatforms) = postSolution
		{BCD98E15-8F73-4F5A-8F9B-3A1BC752DB41}.Debug|Any CPU.ActiveCfg = Debug|Any CPU
		{BCD98E15-8F73-4F5A-8F9B-3A1BC752DB41}.Debug|Any CPU.Build.0 = Debug|Any CPU
		{BCD98E15-8F73-4F5A-8F9B-3A1BC752DB41}.Release|Any CPU.ActiveCfg = Release|Any CPU
		{BCD98E15-8F73-4F5A-8F9B-3A1BC752DB41}.Release|Any CPU.Build.0 = Release|Any CPU
		{414C5635-2DE0-4E68-B48F-89950DC94C7E}.Debug|Any CPU.ActiveCfg = Debug|Any CPU
		{414C5635-2DE0-4E68-B48F-89950DC94C7E}.Debug|Any CPU.Build.0 = Debug|Any CPU
		{414C5635-2DE0-4E68-B48F-89950DC94C7E}.Release|Any CPU.ActiveCfg = Release|Any CPU
		{414C5635-2DE0-4E68-B48F-89950DC94C7E}.Release|Any CPU.Build.0 = Release|Any CPU
		{BF243299-72BC-4827-8A8E-2C58D86758A1}.Debug|Any CPU.ActiveCfg = Debug|Any CPU
		{BF243299-72BC-4827-8A8E-2C58D86758A1}.Debug|Any CPU.Build.0 = Debug|Any CPU
		{BF243299-72BC-4827-8A8E-2C58D86758A1}.Release|Any CPU.ActiveCfg = Release|Any CPU
		{BF243299-72BC-4827-8A8E-2C58D86758A1}.Release|Any CPU.Build.0 = Release|Any CPU
		{8A4B18CF-F9C3-4FF3-BFD8-4B5ED40C425C}.Debug|Any CPU.ActiveCfg = Debug|Any CPU
		{8A4B18CF-F9C3-4FF3-BFD8-4B5ED40C425C}.Debug|Any CPU.Build.0 = Debug|Any CPU
		{8A4B18CF-F9C3-4FF3-BFD8-4B5ED40C425C}.Release|Any CPU.ActiveCfg = Release|Any CPU
		{8A4B18CF-F9C3-4FF3-BFD8-4B5ED40C425C}.Release|Any CPU.Build.0 = Release|Any CPU
		{5C798E1A-F2EC-42D3-BF16-043DA2C37B49}.Debug|Any CPU.ActiveCfg = Debug|Any CPU
		{5C798E1A-F2EC-42D3-BF16-043DA2C37B49}.Debug|Any CPU.Build.0 = Debug|Any CPU
		{5C798E1A-F2EC-42D3-BF16-043DA2C37B49}.Release|Any CPU.ActiveCfg = Release|Any CPU
		{5C798E1A-F2EC-42D3-BF16-043DA2C37B49}.Release|Any CPU.Build.0 = Release|Any CPU
		{AD34EAD3-BEEB-4D7F-9EA0-68E5CF7C2276}.Debug|Any CPU.ActiveCfg = Debug|Any CPU
		{AD34EAD3-BEEB-4D7F-9EA0-68E5CF7C2276}.Debug|Any CPU.Build.0 = Debug|Any CPU
		{AD34EAD3-BEEB-4D7F-9EA0-68E5CF7C2276}.Release|Any CPU.ActiveCfg = Release|Any CPU
		{AD34EAD3-BEEB-4D7F-9EA0-68E5CF7C2276}.Release|Any CPU.Build.0 = Release|Any CPU
	EndGlobalSection
	GlobalSection(SolutionProperties) = preSolution
		HideSolutionNode = FALSE
	EndGlobalSection
	GlobalSection(NestedProjects) = preSolution
		{BCD98E15-8F73-4F5A-8F9B-3A1BC752DB41} = {EA020C9E-BECD-40C1-98B3-48070D728500}
		{414C5635-2DE0-4E68-B48F-89950DC94C7E} = {EA020C9E-BECD-40C1-98B3-48070D728500}
		{BF243299-72BC-4827-8A8E-2C58D86758A1} = {EA020C9E-BECD-40C1-98B3-48070D728500}
		{8A4B18CF-F9C3-4FF3-BFD8-4B5ED40C425C} = {EA020C9E-BECD-40C1-98B3-48070D728500}
		{5C798E1A-F2EC-42D3-BF16-043DA2C37B49} = {EA020C9E-BECD-40C1-98B3-48070D728500}
		{AD34EAD3-BEEB-4D7F-9EA0-68E5CF7C2276} = {EA020C9E-BECD-40C1-98B3-48070D728500}
	EndGlobalSection
	GlobalSection(ExtensibilityGlobals) = postSolution
		SolutionGuid = {708B27FC-FCC9-45AD-9E60-28A567FE5E89}
	EndGlobalSection
EndGlobal
